PODS:
  - Alamofire (3.0.0)
  - Keys (1.0.0)
  - Moya (4.0.1):
    - Moya/Core (= 4.0.1)
  - Moya/Core (4.0.1):
    - Alamofire (~> 3.0)

DEPENDENCIES:
  - Keys (from `Pods/CocoaPodsKeys`)
  - Moya

EXTERNAL SOURCES:
  Keys:
    :path: Pods/CocoaPodsKeys

SPEC CHECKSUMS:
  Alamofire: b61782387f81bcc538a0284cf2bb5d7995cd0a80
  Keys: 7d2ff6ff42f6903358267ce56e9392f83c31acfe
  Moya: 8cdea400271d924df769fbce25a2eee39e9bbeac

COCOAPODS: 0.39.0
